
Microsoft Visual Studio Solution File, Format Version 12.00
# Visual Studio Version 17
VisualStudioVersion = 17.1.32228.430
MinimumVisualStudioVersion = 10.0.40219.1
Project("{FAE04EC0-301F-11D3-BF4B-00C04F79EFBC}") = "StoredFunction", "StoredFunction\StoredFunction.csproj", "{4EC88AD1-483D-4466-A0A2-16B2517DF943}"
EndProject
Project("{FAE04EC0-301F-11D3-BF4B-00C04F79EFBC}") = "InitializeDB", "InitializeDB\InitializeDB.csproj", "{39F1A50F-3C66-4B3F-AEE5-5D163636E84D}"
EndProject
Global
	GlobalSection(SolutionConfigurationPlatforms) = preSolution
		Debug|Any CPU = Debug|Any CPU
		Release|Any CPU = Release|Any CPU
	EndGlobalSection
	GlobalSection(ProjectConfigurationPlatforms) = postSolution
		{4EC88AD1-483D-4466-A0A2-16B2517DF943}.Debug|Any CPU.ActiveCfg = Debug|Any CPU
		{4EC88AD1-483D-4466-A0A2-16B2517DF943}.Debug|Any CPU.Build.0 = Debug|Any CPU
		{4EC88AD1-483D-4466-A0A2-16B2517DF943}.Release|Any CPU.ActiveCfg = Release|Any CPU
		{4EC88AD1-483D-4466-A0A2-16B2517DF943}.Release|Any CPU.Build.0 = Release|Any CPU
		{39F1A50F-3C66-4B3F-AEE5-5D163636E84D}.Debug|Any CPU.ActiveCfg = Debug|Any CPU
		{39F1A50F-3C66-4B3F-AEE5-5D163636E84D}.Debug|Any CPU.Build.0 = Debug|Any CPU
		{39F1A50F-3C66-4B3F-AEE5-5D163636E84D}.Release|Any CPU.ActiveCfg = Release|Any CPU
		{39F1A50F-3C66-4B3F-AEE5-5D163636E84D}.Release|Any CPU.Build.0 = Release|Any CPU
	EndGlobalSection
	GlobalSection(SolutionProperties) = preSolution
		HideSolutionNode = FALSE
	EndGlobalSection
	GlobalSection(ExtensibilityGlobals) = postSolution
		SolutionGuid = {704FA1A0-D1B9-4A5B-B5C8-3C6B4DE72FDD}
	EndGlobalSection
EndGlobal
